
Microsoft Visual Studio Solution File, Format Version 12.00
# Visual Studio Version 16
VisualStudioVersion = 16.0.810.7
MinimumVisualStudioVersion = 10.0.40219.1
Project("{FAE04EC0-301F-11D3-BF4B-00C04F79EFBC}") = "TwilioiOSBinding", "TwilioiOSBinding\TwilioiOSBinding.csproj", "{19A0CADD-0A01-4BD5-93C5-D0D6635BA383}"
EndProject
Global
	GlobalSection(SolutionConfigurationPlatforms) = preSolution
		Debug|Any CPU = Debug|Any CPU
		Release|Any CPU = Release|Any CPU
	EndGlobalSection
	GlobalSection(ProjectConfigurationPlatforms) = postSolution
		{19A0CADD-0A01-4BD5-93C5-D0D6635BA383}.Debug|Any CPU.ActiveCfg = Debug|Any CPU
		{19A0CADD-0A01-4BD5-93C5-D0D6635BA383}.Debug|Any CPU.Build.0 = Debug|Any CPU
		{19A0CADD-0A01-4BD5-93C5-D0D6635BA383}.Release|Any CPU.ActiveCfg = Release|Any CPU
		{19A0CADD-0A01-4BD5-93C5-D0D6635BA383}.Release|Any CPU.Build.0 = Release|Any CPU
	EndGlobalSection
	GlobalSection(SolutionProperties) = preSolution
		HideSolutionNode = FALSE
	EndGlobalSection
	GlobalSection(ExtensibilityGlobals) = postSolution
		SolutionGuid = {7DDBE3BC-B105-406A-A2B6-F5AD27C76C07}
	EndGlobalSection
EndGlobal
